
Microsoft Visual Studio Solution File, Format Version 12.00
# Visual Studio Version 17
VisualStudioVersion = 17.13.35931.197 d17.13
MinimumVisualStudioVersion = 10.0.40219.1
Project("{FAE04EC0-301F-11D3-BF4B-00C04F79EFBC}") = "EasyToolKit.Inspector", "EasyToolKit.Inspector\EasyToolKit.Inspector.csproj", "{558F191C-737F-41CC-A50A-AF1591E63FA7}"
EndProject
Project("{FAE04EC0-301F-11D3-BF4B-00C04F79EFBC}") = "EasyToolKit.Inspector.Editor", "EasyToolKit.Inspector.Editor\EasyToolKit.Inspector.Editor.csproj", "{9D29AB60-BBDC-4B80-879A-5164B1ECF1EC}"
EndProject
Global
	GlobalSection(SolutionConfigurationPlatforms) = preSolution
		Debug|Any CPU = Debug|Any CPU
		Release|Any CPU = Release|Any CPU
	EndGlobalSection
	GlobalSection(ProjectConfigurationPlatforms) = postSolution
		{558F191C-737F-41CC-A50A-AF1591E63FA7}.Debug|Any CPU.ActiveCfg = Debug|Any CPU
		{558F191C-737F-41CC-A50A-AF1591E63FA7}.Debug|Any CPU.Build.0 = Debug|Any CPU
		{558F191C-737F-41CC-A50A-AF1591E63FA7}.Release|Any CPU.ActiveCfg = Release|Any CPU
		{558F191C-737F-41CC-A50A-AF1591E63FA7}.Release|Any CPU.Build.0 = Release|Any CPU
		{9D29AB60-BBDC-4B80-879A-5164B1ECF1EC}.Debug|Any CPU.ActiveCfg = Debug|Any CPU
		{9D29AB60-BBDC-4B80-879A-5164B1ECF1EC}.Debug|Any CPU.Build.0 = Debug|Any CPU
		{9D29AB60-BBDC-4B80-879A-5164B1ECF1EC}.Release|Any CPU.ActiveCfg = Release|Any CPU
		{9D29AB60-BBDC-4B80-879A-5164B1ECF1EC}.Release|Any CPU.Build.0 = Release|Any CPU
	EndGlobalSection
	GlobalSection(SolutionProperties) = preSolution
		HideSolutionNode = FALSE
	EndGlobalSection
	GlobalSection(ExtensibilityGlobals) = postSolution
		SolutionGuid = {C0CCC1C8-9AA5-4EBC-B59F-DA2915CEBA4D}
	EndGlobalSection
EndGlobal
